{
  "pins" : [
    {
      "identity" : "toast-swift",
      "kind" : "remoteSourceControl",
      "location" : "https://github.com/scalessec/Toast-Swift.git",
      "state" : {
        "branch" : "master",
        "revision" : "0c9493eeacb102cc614da385cfaaf475379f4ab4"
      }
    },
    {
      "identity" : "touchvisualizer",
      "kind" : "remoteSourceControl",
      "location" : "https://github.com/rosberry/TouchVisualizer.git",
      "state" : {
        "branch" : "master",
        "revision" : "034ab0c4c7396ab98ee8586ceef043ed3ae275cc"
      }
    }
  ],
  "version" : 2
}
