{
  "originHash" : "ca2ad4320489848b2ceaad1f3ffcb1de1334c184cd3fe77c6b74f29e5c62a934",
  "pins" : [
    {
      "identity" : "bonjour",
      "kind" : "remoteSourceControl",
      "location" : "https://github.com/eugenebokhan/Bonjour.git",
      "state" : {
        "revision" : "4e2912cddb3dcc8ec48370851ba0eb19f1a3e6af",
        "version" : "2.1.0"
      }
    },
    {
      "identity" : "toast-swift",
      "kind" : "remoteSourceControl",
      "location" : "https://github.com/scalessec/Toast-Swift.git",
      "state" : {
        "branch" : "master",
        "revision" : "d780ff8fe55659b4fddf1fbfaf930d967f35d9ea"
      }
    },
    {
      "identity" : "touchvisualizer",
      "kind" : "remoteSourceControl",
      "location" : "https://github.com/rosberry/TouchVisualizer.git",
      "state" : {
        "branch" : "master",
        "revision" : "034ab0c4c7396ab98ee8586ceef043ed3ae275cc"
      }
    }
  ],
  "version" : 3
}
